
Microsoft Visual Studio Solution File, Format Version 12.00
# Visual Studio Version 16
VisualStudioVersion = 16.0.36631.11
MinimumVisualStudioVersion = 10.0.40219.1
Project("{FAE04EC0-301F-11D3-BF4B-00C04F79EFBC}") = "PR08", "PR08\PR08.csproj", "{465C9D4E-7BC6-4624-B301-CF9F17B99E4A}"
EndProject
Global
	GlobalSection(SolutionConfigurationPlatforms) = preSolution
		Debug|Any CPU = Debug|Any CPU
		Release|Any CPU = Release|Any CPU
	EndGlobalSection
	GlobalSection(ProjectConfigurationPlatforms) = postSolution
		{465C9D4E-7BC6-4624-B301-CF9F17B99E4A}.Debug|Any CPU.ActiveCfg = Debug|Any CPU
		{465C9D4E-7BC6-4624-B301-CF9F17B99E4A}.Debug|Any CPU.Build.0 = Debug|Any CPU
		{465C9D4E-7BC6-4624-B301-CF9F17B99E4A}.Release|Any CPU.ActiveCfg = Release|Any CPU
		{465C9D4E-7BC6-4624-B301-CF9F17B99E4A}.Release|Any CPU.Build.0 = Release|Any CPU
	EndGlobalSection
	GlobalSection(SolutionProperties) = preSolution
		HideSolutionNode = FALSE
	EndGlobalSection
	GlobalSection(ExtensibilityGlobals) = postSolution
		SolutionGuid = {92822C83-7933-444E-A115-E2FD0F79C65F}
	EndGlobalSection
EndGlobal
